
Microsoft Visual Studio Solution File, Format Version 11.00
# Visual Studio 2010
Project("{FAE04EC0-301F-11D3-BF4B-00C04F79EFBC}") = "StudentCourseManagementSystem", "StudentCourseManagementSystem\StudentCourseManagementSystem.csproj", "{5BDF04D1-504B-438F-A0A5-3521E5A0BF74}"
EndProject
Global
	GlobalSection(SolutionConfigurationPlatforms) = preSolution
		Debug|Any CPU = Debug|Any CPU
		Release|Any CPU = Release|Any CPU
	EndGlobalSection
	GlobalSection(ProjectConfigurationPlatforms) = postSolution
		{5BDF04D1-504B-438F-A0A5-3521E5A0BF74}.Debug|Any CPU.ActiveCfg = Debug|Any CPU
		{5BDF04D1-504B-438F-A0A5-3521E5A0BF74}.Debug|Any CPU.Build.0 = Debug|Any CPU
		{5BDF04D1-504B-438F-A0A5-3521E5A0BF74}.Release|Any CPU.ActiveCfg = Release|Any CPU
		{5BDF04D1-504B-438F-A0A5-3521E5A0BF74}.Release|Any CPU.Build.0 = Release|Any CPU
	EndGlobalSection
	GlobalSection(SolutionProperties) = preSolution
		HideSolutionNode = FALSE
	EndGlobalSection
EndGlobal
